{
  "version": 4,
  "terraform_version": "1.5.7",
  "serial": 3,
  "lineage": "1766901b-0d76-25da-999d-e6313f9555f2",
  "outputs": {},
  "resources": [
    {
      "mode": "managed",
      "type": "local_file",
      "name": "pet",
      "provider": "provider[\"registry.terraform.io/hashicorp/local\"]",
      "instances": [
        {
          "schema_version": 0,
          "attributes": {
            "content": "we dont love pets shhh....",
            "content_base64": null,
            "content_base64sha256": "sutGBlap9yrg7SRLvcnF7IusQfPJaKswmlS+YvH+Q50=",
            "content_base64sha512": "BBBxM2wRwFHqCS1q+d/Y4u69X1D/o8FZ+xpUIIYo6sB4BrH6tuSRKXqKMrz5BMk4QjaUCXn3QAwId3/7GOv6Ew==",
            "content_md5": "230b2313ca0e795594676f22333b0df4",
            "content_sha1": "f00362013141b5703a01293f6f24c44c292ec9bc",
            "content_sha256": "b2eb460656a9f72ae0ed244bbdc9c5ec8bac41f3c968ab309a54be62f1fe439d",
            "content_sha512": "041071336c11c051ea092d6af9dfd8e2eebd5f50ffa3c159fb1a54208628eac07806b1fab6e491297a8a32bcf904c9384236940979f7400c08777ffb18ebfa13",
            "directory_permission": "0777",
            "file_permission": "0777",
            "filename": "pet.txt",
            "id": "f00362013141b5703a01293f6f24c44c292ec9bc",
            "sensitive_content": null,
            "source": null
          },
          "sensitive_attributes": []
        }
      ]
    },
    {
      "mode": "managed",
      "type": "random_pet",
      "name": "my_pet",
      "provider": "provider[\"registry.terraform.io/hashicorp/random\"]",
      "instances": [
        {
          "schema_version": 0,
          "attributes": {
            "id": "Mr.glowworm",
            "keepers": null,
            "length": 1,
            "prefix": "Mr",
            "separator": "."
          },
          "sensitive_attributes": []
        }
      ]
    }
  ],
  "check_results": null
}
